
Microsoft Visual Studio Solution File, Format Version 12.00
# Visual Studio Version 17
VisualStudioVersion = 17.8.34309.116
MinimumVisualStudioVersion = 10.0.40219.1
Project("{9A19103F-16F7-4668-BE54-9A1E7A4F7556}") = "Pustokk", "Pustokk\Pustokk.csproj", "{437A1FD4-98E4-4FFE-975A-8ED67CFB3A93}"
EndProject
Project("{FAE04EC0-301F-11D3-BF4B-00C04F79EFBC}") = "Pustok.Core", "Pustok.Core\Pustok.Core.csproj", "{AB178A8E-D04F-4176-ACEA-AE37EF76DA23}"
EndProject
Project("{FAE04EC0-301F-11D3-BF4B-00C04F79EFBC}") = "Pustok.Data", "Pustok.Data\Pustok.Data.csproj", "{DCABA452-9F40-4E54-ACDB-A66E58FAF8E8}"
EndProject
Project("{FAE04EC0-301F-11D3-BF4B-00C04F79EFBC}") = "Pustok.Business", "Pustok.Business\Pustok.Business.csproj", "{AA02D4F9-2D12-4043-82DC-0B2E720AB429}"
EndProject
Global
	GlobalSection(SolutionConfigurationPlatforms) = preSolution
		Debug|Any CPU = Debug|Any CPU
		Release|Any CPU = Release|Any CPU
	EndGlobalSection
	GlobalSection(ProjectConfigurationPlatforms) = postSolution
		{437A1FD4-98E4-4FFE-975A-8ED67CFB3A93}.Debug|Any CPU.ActiveCfg = Debug|Any CPU
		{437A1FD4-98E4-4FFE-975A-8ED67CFB3A93}.Debug|Any CPU.Build.0 = Debug|Any CPU
		{437A1FD4-98E4-4FFE-975A-8ED67CFB3A93}.Release|Any CPU.ActiveCfg = Release|Any CPU
		{437A1FD4-98E4-4FFE-975A-8ED67CFB3A93}.Release|Any CPU.Build.0 = Release|Any CPU
		{AB178A8E-D04F-4176-ACEA-AE37EF76DA23}.Debug|Any CPU.ActiveCfg = Debug|Any CPU
		{AB178A8E-D04F-4176-ACEA-AE37EF76DA23}.Debug|Any CPU.Build.0 = Debug|Any CPU
		{AB178A8E-D04F-4176-ACEA-AE37EF76DA23}.Release|Any CPU.ActiveCfg = Release|Any CPU
		{AB178A8E-D04F-4176-ACEA-AE37EF76DA23}.Release|Any CPU.Build.0 = Release|Any CPU
		{DCABA452-9F40-4E54-ACDB-A66E58FAF8E8}.Debug|Any CPU.ActiveCfg = Debug|Any CPU
		{DCABA452-9F40-4E54-ACDB-A66E58FAF8E8}.Debug|Any CPU.Build.0 = Debug|Any CPU
		{DCABA452-9F40-4E54-ACDB-A66E58FAF8E8}.Release|Any CPU.ActiveCfg = Release|Any CPU
		{DCABA452-9F40-4E54-ACDB-A66E58FAF8E8}.Release|Any CPU.Build.0 = Release|Any CPU
		{AA02D4F9-2D12-4043-82DC-0B2E720AB429}.Debug|Any CPU.ActiveCfg = Debug|Any CPU
		{AA02D4F9-2D12-4043-82DC-0B2E720AB429}.Debug|Any CPU.Build.0 = Debug|Any CPU
		{AA02D4F9-2D12-4043-82DC-0B2E720AB429}.Release|Any CPU.ActiveCfg = Release|Any CPU
		{AA02D4F9-2D12-4043-82DC-0B2E720AB429}.Release|Any CPU.Build.0 = Release|Any CPU
	EndGlobalSection
	GlobalSection(SolutionProperties) = preSolution
		HideSolutionNode = FALSE
	EndGlobalSection
	GlobalSection(ExtensibilityGlobals) = postSolution
		SolutionGuid = {A8AB75AA-20C9-4311-9878-0C5F626AB7E3}
	EndGlobalSection
EndGlobal
